// !$*UTF8*$!
{
	archiveVersion = 1;
	classes = {
	};
	objectVersion = 46;
	objects = {

/* Begin PBXBuildFile section */
		E9C901F9196840D800364EC5 /* Cocoa.framework in Frameworks */ = {isa = PBXBuildFile; fileRef = E9C901F8196840D800364EC5 /* Cocoa.framework */; };
		E9C90203196840D800364EC5 /* InfoPlist.strings in Resources */ = {isa = PBXBuildFile; fileRef = E9C90201196840D800364EC5 /* InfoPlist.strings */; };
		E9C90205196840D800364EC5 /* main.m in Sources */ = {isa = PBXBuildFile; fileRef = E9C90204196840D800364EC5 /* main.m */; };
		E9C90209196840D800364EC5 /* Credits.rtf in Resources */ = {isa = PBXBuildFile; fileRef = E9C90207196840D800364EC5 /* Credits.rtf */; };
		E9C9020C196840D800364EC5 /* CountLineAppDelegate.m in Sources */ = {isa = PBXBuildFile; fileRef = E9C9020B196840D800364EC5 /* CountLineAppDelegate.m */; };
		E9C9020F196840D800364EC5 /* MainMenu.xib in Resources */ = {isa = PBXBuildFile; fileRef = E9C9020D196840D800364EC5 /* MainMenu.xib */; };
		E9C90211196840D800364EC5 /* Images.xcassets in Resources */ = {isa = PBXBuildFile; fileRef = E9C90210196840D800364EC5 /* Images.xcassets */; };
		E9C90218196840D800364EC5 /* XCTest.framework in Frameworks */ = {isa = PBXBuildFile; fileRef = E9C90217196840D800364EC5 /* XCTest.framework */; };
		E9C90219196840D800364EC5 /* Cocoa.framework in Frameworks */ = {isa = PBXBuildFile; fileRef = E9C901F8196840D800364EC5 /* Cocoa.framework */; };
		E9C90221196840D800364EC5 /* InfoPlist.strings in Resources */ = {isa = PBXBuildFile; fileRef = E9C9021F196840D800364EC5 /* InfoPlist.strings */; };
		E9C90223196840D800364EC5 /* CountLineTests.m in Sources */ = {isa = PBXBuildFile; fileRef = E9C90222196840D800364EC5 /* CountLineTests.m */; };
		E9C9022E1968417900364EC5 /* CountLineController.m in Sources */ = {isa = PBXBuildFile; fileRef = E9C9022D1968417900364EC5 /* CountLineController.m */; };
/* End PBXBuildFile section */

/* Begin PBXContainerItemProxy section */
		E9C9021A196840D800364EC5 /* PBXContainerItemProxy */ = {
			isa = PBXContainerItemProxy;
			containerPortal = E9C901ED196840D800364EC5 /* Project object */;
			proxyType = 1;
			remoteGlobalIDString = E9C901F4196840D800364EC5;
			remoteInfo = CountLine;
		};
/* End PBXContainerItemProxy section */

/* Begin PBXFileReference section */
		E9C901F5196840D800364EC5 /* CountLine.app */ = {isa = PBXFileReference; explicitFileType = wrapper.application; includeInIndex = 0; path = CountLine.app; sourceTree = BUILT_PRODUCTS_DIR; };
		E9C901F8196840D800364EC5 /* Cocoa.framework */ = {isa = PBXFileReference; lastKnownFileType = wrapper.framework; name = Cocoa.framework; path = System/Library/Frameworks/Cocoa.framework; sourceTree = SDKROOT; };
		E9C901FB196840D800364EC5 /* AppKit.framework */ = {isa = PBXFileReference; lastKnownFileType = wrapper.framework; name = AppKit.framework; path = System/Library/Frameworks/AppKit.framework; sourceTree = SDKROOT; };
		E9C901FC196840D800364EC5 /* CoreData.framework */ = {isa = PBXFileReference; lastKnownFileType = wrapper.framework; name = CoreData.framework; path = System/Library/Frameworks/CoreData.framework; sourceTree = SDKROOT; };
		E9C901FD196840D800364EC5 /* Foundation.framework */ = {isa = PBXFileReference; lastKnownFileType = wrapper.framework; name = Foundation.framework; path = System/Library/Frameworks/Foundation.framework; sourceTree = SDKROOT; };
		E9C90200196840D800364EC5 /* CountLine-Info.plist */ = {isa = PBXFileReference; lastKnownFileType = text.plist.xml; path = "CountLine-Info.plist"; sourceTree = "<group>"; };
		E9C90202196840D800364EC5 /* en */ = {isa = PBXFileReference; lastKnownFileType = text.plist.strings; name = en; path = en.lproj/InfoPlist.strings; sourceTree = "<group>"; };
		E9C90204196840D800364EC5 /* main.m */ = {isa = PBXFileReference; lastKnownFileType = sourcecode.c.objc; path = main.m; sourceTree = "<group>"; };
		E9C90206196840D800364EC5 /* CountLine-Prefix.pch */ = {isa = PBXFileReference; lastKnownFileType = sourcecode.c.h; path = "CountLine-Prefix.pch"; sourceTree = "<group>"; };
		E9C90208196840D800364EC5 /* en */ = {isa = PBXFileReference; lastKnownFileType = text.rtf; name = en; path = en.lproj/Credits.rtf; sourceTree = "<group>"; };
		E9C9020A196840D800364EC5 /* CountLineAppDelegate.h */ = {isa = PBXFileReference; lastKnownFileType = sourcecode.c.h; path = CountLineAppDelegate.h; sourceTree = "<group>"; };
		E9C9020B196840D800364EC5 /* CountLineAppDelegate.m */ = {isa = PBXFileReference; lastKnownFileType = sourcecode.c.objc; path = CountLineAppDelegate.m; sourceTree = "<group>"; };
		E9C9020E196840D800364EC5 /* Base */ = {isa = PBXFileReference; lastKnownFileType = file.xib; name = Base; path = Base.lproj/MainMenu.xib; sourceTree = "<group>"; };
		E9C90210196840D800364EC5 /* Images.xcassets */ = {isa = PBXFileReference; lastKnownFileType = folder.assetcatalog; path = Images.xcassets; sourceTree = "<group>"; };
		E9C90216196840D800364EC5 /* CountLineTests.xctest */ = {isa = PBXFileReference; explicitFileType = wrapper.cfbundle; includeInIndex = 0; path = CountLineTests.xctest; sourceTree = BUILT_PRODUCTS_DIR; };
		E9C90217196840D800364EC5 /* XCTest.framework */ = {isa = PBXFileReference; lastKnownFileType = wrapper.framework; name = XCTest.framework; path = Library/Frameworks/XCTest.framework; sourceTree = DEVELOPER_DIR; };
		E9C9021E196840D800364EC5 /* CountLineTests-Info.plist */ = {isa = PBXFileReference; lastKnownFileType = text.plist.xml; path = "CountLineTests-Info.plist"; sourceTree = "<group>"; };
		E9C90220196840D800364EC5 /* en */ = {isa = PBXFileReference; lastKnownFileType = text.plist.strings; name = en; path = en.lproj/InfoPlist.strings; sourceTree = "<group>"; };
		E9C90222196840D800364EC5 /* CountLineTests.m */ = {isa = PBXFileReference; lastKnownFileType = sourcecode.c.objc; path = CountLineTests.m; sourceTree = "<group>"; };
		E9C9022C1968417900364EC5 /* CountLineController.h */ = {isa = PBXFileReference; fileEncoding = 4; lastKnownFileType = sourcecode.c.h; path = CountLineController.h; sourceTree = "<group>"; };
		E9C9022D1968417900364EC5 /* CountLineController.m */ = {isa = PBXFileReference; fileEncoding = 4; lastKnownFileType = sourcecode.c.objc; path = CountLineController.m; sourceTree = "<group>"; };
/* End PBXFileReference section */

/* Begin PBXFrameworksBuildPhase section */
		E9C901F2196840D800364EC5 /* Frameworks */ = {
			isa = PBXFrameworksBuildPhase;
			buildActionMask = 2147483647;
			files = (
				E9C901F9196840D800364EC5 /* Cocoa.framework in Frameworks */,
			);
			runOnlyForDeploymentPostprocessing = 0;
		};
		E9C90213196840D800364EC5 /* Frameworks */ = {
			isa = PBXFrameworksBuildPhase;
			buildActionMask = 2147483647;
			files = (
				E9C90219196840D800364EC5 /* Cocoa.framework in Frameworks */,
				E9C90218196840D800364EC5 /* XCTest.framework in Frameworks */,
			);
			runOnlyForDeploymentPostprocessing = 0;
		};
/* End PBXFrameworksBuildPhase section */

/* Begin PBXGroup section */
		E9C901EC196840D800364EC5 = {
			isa = PBXGroup;
			children = (
				E9C901FE196840D800364EC5 /* CountLine */,
				E9C9021C196840D800364EC5 /* CountLineTests */,
				E9C901F7196840D800364EC5 /* Frameworks */,
				E9C901F6196840D800364EC5 /* Products */,
			);
			sourceTree = "<group>";
		};
		E9C901F6196840D800364EC5 /* Products */ = {
			isa = PBXGroup;
			children = (
				E9C901F5196840D800364EC5 /* CountLine.app */,
				E9C90216196840D800364EC5 /* CountLineTests.xctest */,
			);
			name = Products;
			sourceTree = "<group>";
		};
		E9C901F7196840D800364EC5 /* Frameworks */ = {
			isa = PBXGroup;
			children = (
				E9C901F8196840D800364EC5 /* Cocoa.framework */,
				E9C90217196840D800364EC5 /* XCTest.framework */,
				E9C901FA196840D800364EC5 /* Other Frameworks */,
			);
			name = Frameworks;
			sourceTree = "<group>";
		};
		E9C901FA196840D800364EC5 /* Other Frameworks */ = {
			isa = PBXGroup;
			children = (
				E9C901FB196840D800364EC5 /* AppKit.framework */,
				E9C901FC196840D800364EC5 /* CoreData.framework */,
				E9C901FD196840D800364EC5 /* Foundation.framework */,
			);
			name = "Other Frameworks";
			sourceTree = "<group>";
		};
		E9C901FE196840D800364EC5 /* CountLine */ = {
			isa = PBXGroup;
			children = (
				E9C9020A196840D800364EC5 /* CountLineAppDelegate.h */,
				E9C9020B196840D800364EC5 /* CountLineAppDelegate.m */,
				E9C9020D196840D800364EC5 /* MainMenu.xib */,
				E9C9022C1968417900364EC5 /* CountLineController.h */,
				E9C9022D1968417900364EC5 /* CountLineController.m */,
				E9C90210196840D800364EC5 /* Images.xcassets */,
				E9C901FF196840D800364EC5 /* Supporting Files */,
			);
			path = CountLine;
			sourceTree = "<group>";
		};
		E9C901FF196840D800364EC5 /* Supporting Files */ = {
			isa = PBXGroup;
			children = (
				E9C90200196840D800364EC5 /* CountLine-Info.plist */,
				E9C90201196840D800364EC5 /* InfoPlist.strings */,
				E9C90204196840D800364EC5 /* main.m */,
				E9C90206196840D800364EC5 /* CountLine-Prefix.pch */,
				E9C90207196840D800364EC5 /* Credits.rtf */,
			);
			name = "Supporting Files";
			sourceTree = "<group>";
		};
		E9C9021C196840D800364EC5 /* CountLineTests */ = {
			isa = PBXGroup;
			children = (
				E9C90222196840D800364EC5 /* CountLineTests.m */,
				E9C9021D196840D800364EC5 /* Supporting Files */,
			);
			path = CountLineTests;
			sourceTree = "<group>";
		};
		E9C9021D196840D800364EC5 /* Supporting Files */ = {
			isa = PBXGroup;
			children = (
				E9C9021E196840D800364EC5 /* CountLineTests-Info.plist */,
				E9C9021F196840D800364EC5 /* InfoPlist.strings */,
			);
			name = "Supporting Files";
			sourceTree = "<group>";
		};
/* End PBXGroup section */

/* Begin PBXNativeTarget section */
		E9C901F4196840D800364EC5 /* CountLine */ = {
			isa = PBXNativeTarget;
			buildConfigurationList = E9C90226196840D800364EC5 /* Build configuration list for PBXNativeTarget "CountLine" */;
			buildPhases = (
				E9C901F1196840D800364EC5 /* Sources */,
				E9C901F2196840D800364EC5 /* Frameworks */,
				E9C901F3196840D800364EC5 /* Resources */,
			);
			buildRules = (
			);
			dependencies = (
			);
			name = CountLine;
			productName = CountLine;
			productReference = E9C901F5196840D800364EC5 /* CountLine.app */;
			productType = "com.apple.product-type.application";
		};
		E9C90215196840D800364EC5 /* CountLineTests */ = {
			isa = PBXNativeTarget;
			buildConfigurationList = E9C90229196840D800364EC5 /* Build configuration list for PBXNativeTarget "CountLineTests" */;
			buildPhases = (
				E9C90212196840D800364EC5 /* Sources */,
				E9C90213196840D800364EC5 /* Frameworks */,
				E9C90214196840D800364EC5 /* Resources */,
			);
			buildRules = (
			);
			dependencies = (
				E9C9021B196840D800364EC5 /* PBXTargetDependency */,
			);
			name = CountLineTests;
			productName = CountLineTests;
			productReference = E9C90216196840D800364EC5 /* CountLineTests.xctest */;
			productType = "com.apple.product-type.bundle.unit-test";
		};
/* End PBXNativeTarget section */

/* Begin PBXProject section */
		E9C901ED196840D800364EC5 /* Project object */ = {
			isa = PBXProject;
			attributes = {
				CLASSPREFIX = CountLine;
				LastUpgradeCheck = 0510;
				ORGANIZATIONNAME = zouxu;
				TargetAttributes = {
					E9C90215196840D800364EC5 = {
						TestTargetID = E9C901F4196840D800364EC5;
					};
				};
			};
			buildConfigurationList = E9C901F0196840D800364EC5 /* Build configuration list for PBXProject "CountLine" */;
			compatibilityVersion = "Xcode 3.2";
			developmentRegion = English;
			hasScannedForEncodings = 0;
			knownRegions = (
				en,
				Base,
			);
			mainGroup = E9C901EC196840D800364EC5;
			productRefGroup = E9C901F6196840D800364EC5 /* Products */;
			projectDirPath = "";
			projectRoot = "";
			targets = (
				E9C901F4196840D800364EC5 /* CountLine */,
				E9C90215196840D800364EC5 /* CountLineTests */,
			);
		};
/* End PBXProject section */

/* Begin PBXResourcesBuildPhase section */
		E9C901F3196840D800364EC5 /* Resources */ = {
			isa = PBXResourcesBuildPhase;
			buildActionMask = 2147483647;
			files = (
				E9C90203196840D800364EC5 /* InfoPlist.strings in Resources */,
				E9C90211196840D800364EC5 /* Images.xcassets in Resources */,
				E9C90209196840D800364EC5 /* Credits.rtf in Resources */,
				E9C9020F196840D800364EC5 /* MainMenu.xib in Resources */,
			);
			runOnlyForDeploymentPostprocessing = 0;
		};
		E9C90214196840D800364EC5 /* Resources */ = {
			isa = PBXResourcesBuildPhase;
			buildActionMask = 2147483647;
			files = (
				E9C90221196840D800364EC5 /* InfoPlist.strings in Resources */,
			);
			runOnlyForDeploymentPostprocessing = 0;
		};
/* End PBXResourcesBuildPhase section */

/* Begin PBXSourcesBuildPhase section */
		E9C901F1196840D800364EC5 /* Sources */ = {
			isa = PBXSourcesBuildPhase;
			buildActionMask = 2147483647;
			files = (
				E9C9022E1968417900364EC5 /* CountLineController.m in Sources */,
				E9C9020C196840D800364EC5 /* CountLineAppDelegate.m in Sources */,
				E9C90205196840D800364EC5 /* main.m in Sources */,
			);
			runOnlyForDeploymentPostprocessing = 0;
		};
		E9C90212196840D800364EC5 /* Sources */ = {
			isa = PBXSourcesBuildPhase;
			buildActionMask = 2147483647;
			files = (
				E9C90223196840D800364EC5 /* CountLineTests.m in Sources */,
			);
			runOnlyForDeploymentPostprocessing = 0;
		};
/* End PBXSourcesBuildPhase section */

/* Begin PBXTargetDependency section */
		E9C9021B196840D800364EC5 /* PBXTargetDependency */ = {
			isa = PBXTargetDependency;
			target = E9C901F4196840D800364EC5 /* CountLine */;
			targetProxy = E9C9021A196840D800364EC5 /* PBXContainerItemProxy */;
		};
/* End PBXTargetDependency section */

/* Begin PBXVariantGroup section */
		E9C90201196840D800364EC5 /* InfoPlist.strings */ = {
			isa = PBXVariantGroup;
			children = (
				E9C90202196840D800364EC5 /* en */,
			);
			name = InfoPlist.strings;
			sourceTree = "<group>";
		};
		E9C90207196840D800364EC5 /* Credits.rtf */ = {
			isa = PBXVariantGroup;
			children = (
				E9C90208196840D800364EC5 /* en */,
			);
			name = Credits.rtf;
			sourceTree = "<group>";
		};
		E9C9020D196840D800364EC5 /* MainMenu.xib */ = {
			isa = PBXVariantGroup;
			children = (
				E9C9020E196840D800364EC5 /* Base */,
			);
			name = MainMenu.xib;
			sourceTree = "<group>";
		};
		E9C9021F196840D800364EC5 /* InfoPlist.strings */ = {
			isa = PBXVariantGroup;
			children = (
				E9C90220196840D800364EC5 /* en */,
			);
			name = InfoPlist.strings;
			sourceTree = "<group>";
		};
/* End PBXVariantGroup section */

/* Begin XCBuildConfiguration section */
		E9C90224196840D800364EC5 /* Debug */ = {
			isa = XCBuildConfiguration;
			buildSettings = {
				ALWAYS_SEARCH_USER_PATHS = NO;
				CLANG_CXX_LANGUAGE_STANDARD = "gnu++0x";
				CLANG_CXX_LIBRARY = "libc++";
				CLANG_ENABLE_MODULES = YES;
				CLANG_ENABLE_OBJC_ARC = YES;
				CLANG_WARN_BOOL_CONVERSION = YES;
				CLANG_WARN_CONSTANT_CONVERSION = YES;
				CLANG_WARN_DIRECT_OBJC_ISA_USAGE = YES_ERROR;
				CLANG_WARN_EMPTY_BODY = YES;
				CLANG_WARN_ENUM_CONVERSION = YES;
				CLANG_WARN_INT_CONVERSION = YES;
				CLANG_WARN_OBJC_ROOT_CLASS = YES_ERROR;
				CLANG_WARN__DUPLICATE_METHOD_MATCH = YES;
				COPY_PHASE_STRIP = NO;
				GCC_C_LANGUAGE_STANDARD = gnu99;
				GCC_DYNAMIC_NO_PIC = NO;
				GCC_ENABLE_OBJC_EXCEPTIONS = YES;
				GCC_OPTIMIZATION_LEVEL = 0;
				GCC_PREPROCESSOR_DEFINITIONS = (
					"DEBUG=1",
					"$(inherited)",
				);
				GCC_SYMBOLS_PRIVATE_EXTERN = NO;
				GCC_WARN_64_TO_32_BIT_CONVERSION = YES;
				GCC_WARN_ABOUT_RETURN_TYPE = YES_ERROR;
				GCC_WARN_UNDECLARED_SELECTOR = YES;
				GCC_WARN_UNINITIALIZED_AUTOS = YES_AGGRESSIVE;
				GCC_WARN_UNUSED_FUNCTION = YES;
				GCC_WARN_UNUSED_VARIABLE = YES;
				MACOSX_DEPLOYMENT_TARGET = 10.9;
				ONLY_ACTIVE_ARCH = YES;
				SDKROOT = macosx;
			};
			name = Debug;
		};
		E9C90225196840D800364EC5 /* Release */ = {
			isa = XCBuildConfiguration;
			buildSettings = {
				ALWAYS_SEARCH_USER_PATHS = NO;
				CLANG_CXX_LANGUAGE_STANDARD = "gnu++0x";
				CLANG_CXX_LIBRARY = "libc++";
				CLANG_ENABLE_MODULES = YES;
				CLANG_ENABLE_OBJC_ARC = YES;
				CLANG_WARN_BOOL_CONVERSION = YES;
				CLANG_WARN_CONSTANT_CONVERSION = YES;
				CLANG_WARN_DIRECT_OBJC_ISA_USAGE = YES_ERROR;
				CLANG_WARN_EMPTY_BODY = YES;
				CLANG_WARN_ENUM_CONVERSION = YES;
				CLANG_WARN_INT_CONVERSION = YES;
				CLANG_WARN_OBJC_ROOT_CLASS = YES_ERROR;
				CLANG_WARN__DUPLICATE_METHOD_MATCH = YES;
				COPY_PHASE_STRIP = YES;
				DEBUG_INFORMATION_FORMAT = "dwarf-with-dsym";
				ENABLE_NS_ASSERTIONS = NO;
				GCC_C_LANGUAGE_STANDARD = gnu99;
				GCC_ENABLE_OBJC_EXCEPTIONS = YES;
				GCC_WARN_64_TO_32_BIT_CONVERSION = YES;
				GCC_WARN_ABOUT_RETURN_TYPE = YES_ERROR;
				GCC_WARN_UNDECLARED_SELECTOR = YES;
				GCC_WARN_UNINITIALIZED_AUTOS = YES_AGGRESSIVE;
				GCC_WARN_UNUSED_FUNCTION = YES;
				GCC_WARN_UNUSED_VARIABLE = YES;
				MACOSX_DEPLOYMENT_TARGET = 10.9;
				SDKROOT = macosx;
			};
			name = Release;
		};
		E9C90227196840D800364EC5 /* Debug */ = {
			isa = XCBuildConfiguration;
			buildSettings = {
				ASSETCATALOG_COMPILER_APPICON_NAME = AppIcon;
				COMBINE_HIDPI_IMAGES = YES;
				GCC_PRECOMPILE_PREFIX_HEADER = YES;
				GCC_PREFIX_HEADER = "CountLine/CountLine-Prefix.pch";
				INFOPLIST_FILE = "CountLine/CountLine-Info.plist";
				PRODUCT_NAME = "$(TARGET_NAME)";
				WRAPPER_EXTENSION = app;
			};
			name = Debug;
		};
		E9C90228196840D800364EC5 /* Release */ = {
			isa = XCBuildConfiguration;
			buildSettings = {
				ASSETCATALOG_COMPILER_APPICON_NAME = AppIcon;
				COMBINE_HIDPI_IMAGES = YES;
				GCC_PRECOMPILE_PREFIX_HEADER = YES;
				GCC_PREFIX_HEADER = "CountLine/CountLine-Prefix.pch";
				INFOPLIST_FILE = "CountLine/CountLine-Info.plist";
				PRODUCT_NAME = "$(TARGET_NAME)";
				WRAPPER_EXTENSION = app;
			};
			name = Release;
		};
		E9C9022A196840D800364EC5 /* Debug */ = {
			isa = XCBuildConfiguration;
			buildSettings = {
				BUNDLE_LOADER = "$(BUILT_PRODUCTS_DIR)/CountLine.app/Contents/MacOS/CountLine";
				COMBINE_HIDPI_IMAGES = YES;
				FRAMEWORK_SEARCH_PATHS = (
					"$(DEVELOPER_FRAMEWORKS_DIR)",
					"$(inherited)",
				);
				GCC_PRECOMPILE_PREFIX_HEADER = YES;
				GCC_PREFIX_HEADER = "CountLine/CountLine-Prefix.pch";
				GCC_PREPROCESSOR_DEFINITIONS = (
					"DEBUG=1",
					"$(inherited)",
				);
				INFOPLIST_FILE = "CountLineTests/CountLineTests-Info.plist";
				PRODUCT_NAME = "$(TARGET_NAME)";
				TEST_HOST = "$(BUNDLE_LOADER)";
				WRAPPER_EXTENSION = xctest;
			};
			name = Debug;
		};
		E9C9022B196840D800364EC5 /* Release */ = {
			isa = XCBuildConfiguration;
			buildSettings = {
				BUNDLE_LOADER = "$(BUILT_PRODUCTS_DIR)/CountLine.app/Contents/MacOS/CountLine";
				COMBINE_HIDPI_IMAGES = YES;
				FRAMEWORK_SEARCH_PATHS = (
					"$(DEVELOPER_FRAMEWORKS_DIR)",
					"$(inherited)",
				);
				GCC_PRECOMPILE_PREFIX_HEADER = YES;
				GCC_PREFIX_HEADER = "CountLine/CountLine-Prefix.pch";
				INFOPLIST_FILE = "CountLineTests/CountLineTests-Info.plist";
				PRODUCT_NAME = "$(TARGET_NAME)";
				TEST_HOST = "$(BUNDLE_LOADER)";
				WRAPPER_EXTENSION = xctest;
			};
			name = Release;
		};
/* End XCBuildConfiguration section */

/* Begin XCConfigurationList section */
		E9C901F0196840D800364EC5 /* Build configuration list for PBXProject "CountLine" */ = {
			isa = XCConfigurationList;
			buildConfigurations = (
				E9C90224196840D800364EC5 /* Debug */,
				E9C90225196840D800364EC5 /* Release */,
			);
			defaultConfigurationIsVisible = 0;
			defaultConfigurationName = Release;
		};
		E9C90226196840D800364EC5 /* Build configuration list for PBXNativeTarget "CountLine" */ = {
			isa = XCConfigurationList;
			buildConfigurations = (
				E9C90227196840D800364EC5 /* Debug */,
				E9C90228196840D800364EC5 /* Release */,
			);
			defaultConfigurationIsVisible = 0;
		};
		E9C90229196840D800364EC5 /* Build configuration list for PBXNativeTarget "CountLineTests" */ = {
			isa = XCConfigurationList;
			buildConfigurations = (
				E9C9022A196840D800364EC5 /* Debug */,
				E9C9022B196840D800364EC5 /* Release */,
			);
			defaultConfigurationIsVisible = 0;
		};
/* End XCConfigurationList section */
	};
	rootObject = E9C901ED196840D800364EC5 /* Project object */;
}
